
Microsoft Visual Studio Solution File, Format Version 12.00
# Visual Studio 14
VisualStudioVersion = 14.0.24720.0
MinimumVisualStudioVersion = 10.0.40219.1
Project("{FAE04EC0-301F-11D3-BF4B-00C04F79EFBC}") = "CubeSolvingAssignment", "CubeSolvingAssignment\CubeSolvingAssignment.csproj", "{47CC7066-E44B-4685-9FAA-22C9ACF458EE}"
EndProject
Project("{FAE04EC0-301F-11D3-BF4B-00C04F79EFBC}") = "Tests", "UnitTestProject1\Tests.csproj", "{AC18BD8F-72A0-428D-92A8-2F88E5469538}"
EndProject
Global
	GlobalSection(SolutionConfigurationPlatforms) = preSolution
		Debug|Any CPU = Debug|Any CPU
		Release|Any CPU = Release|Any CPU
	EndGlobalSection
	GlobalSection(ProjectConfigurationPlatforms) = postSolution
		{47CC7066-E44B-4685-9FAA-22C9ACF458EE}.Debug|Any CPU.ActiveCfg = Debug|Any CPU
		{47CC7066-E44B-4685-9FAA-22C9ACF458EE}.Debug|Any CPU.Build.0 = Debug|Any CPU
		{47CC7066-E44B-4685-9FAA-22C9ACF458EE}.Release|Any CPU.ActiveCfg = Release|Any CPU
		{47CC7066-E44B-4685-9FAA-22C9ACF458EE}.Release|Any CPU.Build.0 = Release|Any CPU
		{AC18BD8F-72A0-428D-92A8-2F88E5469538}.Debug|Any CPU.ActiveCfg = Debug|Any CPU
		{AC18BD8F-72A0-428D-92A8-2F88E5469538}.Debug|Any CPU.Build.0 = Debug|Any CPU
		{AC18BD8F-72A0-428D-92A8-2F88E5469538}.Release|Any CPU.ActiveCfg = Release|Any CPU
		{AC18BD8F-72A0-428D-92A8-2F88E5469538}.Release|Any CPU.Build.0 = Release|Any CPU
	EndGlobalSection
	GlobalSection(SolutionProperties) = preSolution
		HideSolutionNode = FALSE
	EndGlobalSection
EndGlobal
